// !$*UTF8*$!
{
	archiveVersion = 1;
	classes = {
	};
	objectVersion = 46;
	objects = {

/* Begin PBXBuildFile section */
		CCCC62DD1DC6020E0060004F /* test.cpp in Sources */ = {isa = PBXBuildFile; fileRef = CCCC62DC1DC6020E0060004F /* test.cpp */; };
		CCF43A5C1DD3B1B90084BD6A /* subscriber.h in Sources */ = {isa = PBXBuildFile; fileRef = CCF43A5B1DD3B1B90084BD6A /* subscriber.h */; };
		CCF43A5E1DD3B6440084BD6A /* libzmq.dylib in Frameworks */ = {isa = PBXBuildFile; fileRef = CCF43A5D1DD3B6440084BD6A /* libzmq.dylib */; };
		CCF43A601DD3B6E40084BD6A /* libzmq.5.dylib in Frameworks */ = {isa = PBXBuildFile; fileRef = CCF43A5F1DD3B6E40084BD6A /* libzmq.5.dylib */; };
/* End PBXBuildFile section */

/* Begin PBXCopyFilesBuildPhase section */
		CCCC62CF1DC6019C0060004F /* CopyFiles */ = {
			isa = PBXCopyFilesBuildPhase;
			buildActionMask = 2147483647;
			dstPath = /usr/share/man/man1/;
			dstSubfolderSpec = 0;
			files = (
			);
			runOnlyForDeploymentPostprocessing = 1;
		};
/* End PBXCopyFilesBuildPhase section */

/* Begin PBXFileReference section */
		CC088FDD1DD3B90300CF0CBE /* publisher.h */ = {isa = PBXFileReference; lastKnownFileType = sourcecode.c.h; path = publisher.h; sourceTree = "<group>"; };
		CC088FDE1DD3C07F00CF0CBE /* subscriber.py */ = {isa = PBXFileReference; fileEncoding = 4; lastKnownFileType = text.script.python; name = subscriber.py; path = ../subscriber.py; sourceTree = "<group>"; };
		CCCC62D11DC6019C0060004F /* asyncnet */ = {isa = PBXFileReference; explicitFileType = "compiled.mach-o.executable"; includeInIndex = 0; path = asyncnet; sourceTree = BUILT_PRODUCTS_DIR; };
		CCCC62DB1DC6020E0060004F /* socket.h */ = {isa = PBXFileReference; fileEncoding = 4; lastKnownFileType = sourcecode.c.h; path = socket.h; sourceTree = "<group>"; };
		CCCC62DC1DC6020E0060004F /* test.cpp */ = {isa = PBXFileReference; fileEncoding = 4; lastKnownFileType = sourcecode.cpp.cpp; path = test.cpp; sourceTree = "<group>"; };
		CCF43A561DCEB4C40084BD6A /* connector.h */ = {isa = PBXFileReference; lastKnownFileType = sourcecode.c.h; path = connector.h; sourceTree = "<group>"; };
		CCF43A571DCF35510084BD6A /* downloader.h */ = {isa = PBXFileReference; lastKnownFileType = sourcecode.c.h; path = downloader.h; sourceTree = "<group>"; };
		CCF43A581DCF35730084BD6A /* lambdastuff.h */ = {isa = PBXFileReference; lastKnownFileType = sourcecode.c.h; path = lambdastuff.h; sourceTree = "<group>"; };
		CCF43A5B1DD3B1B90084BD6A /* subscriber.h */ = {isa = PBXFileReference; fileEncoding = 4; lastKnownFileType = sourcecode.c.h; path = subscriber.h; sourceTree = "<group>"; };
		CCF43A5D1DD3B6440084BD6A /* libzmq.dylib */ = {isa = PBXFileReference; lastKnownFileType = "compiled.mach-o.dylib"; name = libzmq.dylib; path = ../../../../../usr/local/lib/libzmq.dylib; sourceTree = "<group>"; };
		CCF43A5F1DD3B6E40084BD6A /* libzmq.5.dylib */ = {isa = PBXFileReference; lastKnownFileType = "compiled.mach-o.dylib"; name = libzmq.5.dylib; path = ../../../../../usr/local/lib/libzmq.5.dylib; sourceTree = "<group>"; };
/* End PBXFileReference section */

/* Begin PBXFrameworksBuildPhase section */
		CCCC62CE1DC6019C0060004F /* Frameworks */ = {
			isa = PBXFrameworksBuildPhase;
			buildActionMask = 2147483647;
			files = (
				CCF43A5E1DD3B6440084BD6A /* libzmq.dylib in Frameworks */,
				CCF43A601DD3B6E40084BD6A /* libzmq.5.dylib in Frameworks */,
			);
			runOnlyForDeploymentPostprocessing = 0;
		};
/* End PBXFrameworksBuildPhase section */

/* Begin PBXGroup section */
		CCCC62C81DC6019C0060004F = {
			isa = PBXGroup;
			children = (
				CCF43A5F1DD3B6E40084BD6A /* libzmq.5.dylib */,
				CCF43A5D1DD3B6440084BD6A /* libzmq.dylib */,
				CCCC62D31DC6019C0060004F /* asyncnet */,
				CCCC62D21DC6019C0060004F /* Products */,
			);
			sourceTree = "<group>";
		};
		CCCC62D21DC6019C0060004F /* Products */ = {
			isa = PBXGroup;
			children = (
				CCCC62D11DC6019C0060004F /* asyncnet */,
			);
			name = Products;
			sourceTree = "<group>";
		};
		CCCC62D31DC6019C0060004F /* asyncnet */ = {
			isa = PBXGroup;
			children = (
				CC088FDE1DD3C07F00CF0CBE /* subscriber.py */,
				CCCC62DB1DC6020E0060004F /* socket.h */,
				CCCC62DC1DC6020E0060004F /* test.cpp */,
				CCF43A561DCEB4C40084BD6A /* connector.h */,
				CCF43A571DCF35510084BD6A /* downloader.h */,
				CCF43A581DCF35730084BD6A /* lambdastuff.h */,
				CCF43A5B1DD3B1B90084BD6A /* subscriber.h */,
				CC088FDD1DD3B90300CF0CBE /* publisher.h */,
			);
			path = asyncnet;
			sourceTree = "<group>";
		};
/* End PBXGroup section */

/* Begin PBXNativeTarget section */
		CCCC62D01DC6019C0060004F /* asyncnet */ = {
			isa = PBXNativeTarget;
			buildConfigurationList = CCCC62D81DC6019C0060004F /* Build configuration list for PBXNativeTarget "asyncnet" */;
			buildPhases = (
				CCCC62CD1DC6019C0060004F /* Sources */,
				CCCC62CE1DC6019C0060004F /* Frameworks */,
				CCCC62CF1DC6019C0060004F /* CopyFiles */,
			);
			buildRules = (
			);
			dependencies = (
			);
			name = asyncnet;
			productName = asyncnet;
			productReference = CCCC62D11DC6019C0060004F /* asyncnet */;
			productType = "com.apple.product-type.tool";
		};
/* End PBXNativeTarget section */

/* Begin PBXProject section */
		CCCC62C91DC6019C0060004F /* Project object */ = {
			isa = PBXProject;
			attributes = {
				LastUpgradeCheck = 0720;
				ORGANIZATIONNAME = "Ólafur Jóhannsson";
				TargetAttributes = {
					CCCC62D01DC6019C0060004F = {
						CreatedOnToolsVersion = 7.2.1;
					};
				};
			};
			buildConfigurationList = CCCC62CC1DC6019C0060004F /* Build configuration list for PBXProject "asyncnet" */;
			compatibilityVersion = "Xcode 3.2";
			developmentRegion = English;
			hasScannedForEncodings = 0;
			knownRegions = (
				en,
			);
			mainGroup = CCCC62C81DC6019C0060004F;
			productRefGroup = CCCC62D21DC6019C0060004F /* Products */;
			projectDirPath = "";
			projectRoot = "";
			targets = (
				CCCC62D01DC6019C0060004F /* asyncnet */,
			);
		};
/* End PBXProject section */

/* Begin PBXSourcesBuildPhase section */
		CCCC62CD1DC6019C0060004F /* Sources */ = {
			isa = PBXSourcesBuildPhase;
			buildActionMask = 2147483647;
			files = (
				CCCC62DD1DC6020E0060004F /* test.cpp in Sources */,
				CCF43A5C1DD3B1B90084BD6A /* subscriber.h in Sources */,
			);
			runOnlyForDeploymentPostprocessing = 0;
		};
/* End PBXSourcesBuildPhase section */

/* Begin XCBuildConfiguration section */
		CCCC62D61DC6019C0060004F /* Debug */ = {
			isa = XCBuildConfiguration;
			buildSettings = {
				ALWAYS_SEARCH_USER_PATHS = NO;
				CLANG_CXX_LANGUAGE_STANDARD = "gnu++0x";
				CLANG_CXX_LIBRARY = "libc++";
				CLANG_ENABLE_MODULES = YES;
				CLANG_ENABLE_OBJC_ARC = YES;
				CLANG_WARN_BOOL_CONVERSION = YES;
				CLANG_WARN_CONSTANT_CONVERSION = YES;
				CLANG_WARN_DIRECT_OBJC_ISA_USAGE = YES_ERROR;
				CLANG_WARN_EMPTY_BODY = YES;
				CLANG_WARN_ENUM_CONVERSION = YES;
				CLANG_WARN_INT_CONVERSION = YES;
				CLANG_WARN_OBJC_ROOT_CLASS = YES_ERROR;
				CLANG_WARN_UNREACHABLE_CODE = YES;
				CLANG_WARN__DUPLICATE_METHOD_MATCH = YES;
				CODE_SIGN_IDENTITY = "-";
				COPY_PHASE_STRIP = NO;
				DEBUG_INFORMATION_FORMAT = dwarf;
				ENABLE_STRICT_OBJC_MSGSEND = YES;
				ENABLE_TESTABILITY = YES;
				GCC_C_LANGUAGE_STANDARD = gnu99;
				GCC_DYNAMIC_NO_PIC = NO;
				GCC_NO_COMMON_BLOCKS = YES;
				GCC_OPTIMIZATION_LEVEL = 0;
				GCC_PREPROCESSOR_DEFINITIONS = (
					"DEBUG=1",
					"$(inherited)",
				);
				GCC_WARN_64_TO_32_BIT_CONVERSION = YES;
				GCC_WARN_ABOUT_RETURN_TYPE = YES_ERROR;
				GCC_WARN_UNDECLARED_SELECTOR = YES;
				GCC_WARN_UNINITIALIZED_AUTOS = YES_AGGRESSIVE;
				GCC_WARN_UNUSED_FUNCTION = YES;
				GCC_WARN_UNUSED_VARIABLE = YES;
				MACOSX_DEPLOYMENT_TARGET = 10.10;
				MTL_ENABLE_DEBUG_INFO = YES;
				ONLY_ACTIVE_ARCH = YES;
				SDKROOT = macosx;
			};
			name = Debug;
		};
		CCCC62D71DC6019C0060004F /* Release */ = {
			isa = XCBuildConfiguration;
			buildSettings = {
				ALWAYS_SEARCH_USER_PATHS = NO;
				CLANG_CXX_LANGUAGE_STANDARD = "gnu++0x";
				CLANG_CXX_LIBRARY = "libc++";
				CLANG_ENABLE_MODULES = YES;
				CLANG_ENABLE_OBJC_ARC = YES;
				CLANG_WARN_BOOL_CONVERSION = YES;
				CLANG_WARN_CONSTANT_CONVERSION = YES;
				CLANG_WARN_DIRECT_OBJC_ISA_USAGE = YES_ERROR;
				CLANG_WARN_EMPTY_BODY = YES;
				CLANG_WARN_ENUM_CONVERSION = YES;
				CLANG_WARN_INT_CONVERSION = YES;
				CLANG_WARN_OBJC_ROOT_CLASS = YES_ERROR;
				CLANG_WARN_UNREACHABLE_CODE = YES;
				CLANG_WARN__DUPLICATE_METHOD_MATCH = YES;
				CODE_SIGN_IDENTITY = "-";
				COPY_PHASE_STRIP = NO;
				DEBUG_INFORMATION_FORMAT = "dwarf-with-dsym";
				ENABLE_NS_ASSERTIONS = NO;
				ENABLE_STRICT_OBJC_MSGSEND = YES;
				GCC_C_LANGUAGE_STANDARD = gnu99;
				GCC_NO_COMMON_BLOCKS = YES;
				GCC_WARN_64_TO_32_BIT_CONVERSION = YES;
				GCC_WARN_ABOUT_RETURN_TYPE = YES_ERROR;
				GCC_WARN_UNDECLARED_SELECTOR = YES;
				GCC_WARN_UNINITIALIZED_AUTOS = YES_AGGRESSIVE;
				GCC_WARN_UNUSED_FUNCTION = YES;
				GCC_WARN_UNUSED_VARIABLE = YES;
				MACOSX_DEPLOYMENT_TARGET = 10.10;
				MTL_ENABLE_DEBUG_INFO = NO;
				SDKROOT = macosx;
			};
			name = Release;
		};
		CCCC62D91DC6019C0060004F /* Debug */ = {
			isa = XCBuildConfiguration;
			buildSettings = {
				LIBRARY_SEARCH_PATHS = /usr/local/lib;
				OTHER_LDFLAGS = "-lzmq";
				PRODUCT_NAME = "$(TARGET_NAME)";
			};
			name = Debug;
		};
		CCCC62DA1DC6019C0060004F /* Release */ = {
			isa = XCBuildConfiguration;
			buildSettings = {
				LIBRARY_SEARCH_PATHS = /usr/local/lib;
				OTHER_LDFLAGS = "-lzmq";
				PRODUCT_NAME = "$(TARGET_NAME)";
			};
			name = Release;
		};
/* End XCBuildConfiguration section */

/* Begin XCConfigurationList section */
		CCCC62CC1DC6019C0060004F /* Build configuration list for PBXProject "asyncnet" */ = {
			isa = XCConfigurationList;
			buildConfigurations = (
				CCCC62D61DC6019C0060004F /* Debug */,
				CCCC62D71DC6019C0060004F /* Release */,
			);
			defaultConfigurationIsVisible = 0;
			defaultConfigurationName = Release;
		};
		CCCC62D81DC6019C0060004F /* Build configuration list for PBXNativeTarget "asyncnet" */ = {
			isa = XCConfigurationList;
			buildConfigurations = (
				CCCC62D91DC6019C0060004F /* Debug */,
				CCCC62DA1DC6019C0060004F /* Release */,
			);
			defaultConfigurationIsVisible = 0;
			defaultConfigurationName = Release;
		};
/* End XCConfigurationList section */
	};
	rootObject = CCCC62C91DC6019C0060004F /* Project object */;
}
